
Microsoft Visual Studio Solution File, Format Version 12.00
# Visual Studio Version 16
VisualStudioVersion = 25.0.1704.0
MinimumVisualStudioVersion = 10.0.40219.1
Project("{FAE04EC0-301F-11D3-BF4B-00C04F79EFBC}") = "Chess.EightQueens", "EightQueens\Chess.EightQueens.csproj", "{C6EE64E4-B2B9-4A43-881F-E9BB40E021C7}"
EndProject
Project("{FAE04EC0-301F-11D3-BF4B-00C04F79EFBC}") = "Chess.Model", "Chess.Model\Chess.Model.csproj", "{A1282D69-46F7-42E6-9B6D-C4136F07CC09}"
EndProject
Global
	GlobalSection(SolutionConfigurationPlatforms) = preSolution
		Debug|Any CPU = Debug|Any CPU
		Release|Any CPU = Release|Any CPU
	EndGlobalSection
	GlobalSection(ProjectConfigurationPlatforms) = postSolution
		{C6EE64E4-B2B9-4A43-881F-E9BB40E021C7}.Debug|Any CPU.ActiveCfg = Debug|Any CPU
		{C6EE64E4-B2B9-4A43-881F-E9BB40E021C7}.Debug|Any CPU.Build.0 = Debug|Any CPU
		{C6EE64E4-B2B9-4A43-881F-E9BB40E021C7}.Release|Any CPU.ActiveCfg = Release|Any CPU
		{C6EE64E4-B2B9-4A43-881F-E9BB40E021C7}.Release|Any CPU.Build.0 = Release|Any CPU
		{A1282D69-46F7-42E6-9B6D-C4136F07CC09}.Debug|Any CPU.ActiveCfg = Debug|Any CPU
		{A1282D69-46F7-42E6-9B6D-C4136F07CC09}.Debug|Any CPU.Build.0 = Debug|Any CPU
		{A1282D69-46F7-42E6-9B6D-C4136F07CC09}.Release|Any CPU.ActiveCfg = Release|Any CPU
		{A1282D69-46F7-42E6-9B6D-C4136F07CC09}.Release|Any CPU.Build.0 = Release|Any CPU
	EndGlobalSection
	GlobalSection(SolutionProperties) = preSolution
		HideSolutionNode = FALSE
	EndGlobalSection
	GlobalSection(ExtensibilityGlobals) = postSolution
		SolutionGuid = {6A486092-393E-47F3-9C32-47FB4CD1E91C}
	EndGlobalSection
EndGlobal
